
Microsoft Visual Studio Solution File, Format Version 12.00
# Visual Studio Version 16
VisualStudioVersion = 16.0.31702.278
MinimumVisualStudioVersion = 10.0.40219.1
Project("{9A19103F-16F7-4668-BE54-9A1E7A4F7556}") = "EFCoreCodeFirstSample", "EFCoreCodeFirstSample.csproj", "{BEB586A1-BC9D-4DBA-906F-9874CBBA45E2}"
EndProject
Global
	GlobalSection(SolutionConfigurationPlatforms) = preSolution
		Debug|Any CPU = Debug|Any CPU
		Release|Any CPU = Release|Any CPU
	EndGlobalSection
	GlobalSection(ProjectConfigurationPlatforms) = postSolution
		{BEB586A1-BC9D-4DBA-906F-9874CBBA45E2}.Debug|Any CPU.ActiveCfg = Debug|Any CPU
		{BEB586A1-BC9D-4DBA-906F-9874CBBA45E2}.Debug|Any CPU.Build.0 = Debug|Any CPU
		{BEB586A1-BC9D-4DBA-906F-9874CBBA45E2}.Release|Any CPU.ActiveCfg = Release|Any CPU
		{BEB586A1-BC9D-4DBA-906F-9874CBBA45E2}.Release|Any CPU.Build.0 = Release|Any CPU
	EndGlobalSection
	GlobalSection(SolutionProperties) = preSolution
		HideSolutionNode = FALSE
	EndGlobalSection
	GlobalSection(ExtensibilityGlobals) = postSolution
		SolutionGuid = {0F35396D-954C-44A2-A36A-A4EB7A6138F2}
	EndGlobalSection
EndGlobal
